// !$*UTF8*$!
{
	archiveVersion = 1;
	classes = {
	};
	objectVersion = 50;
	objects = {

/* Begin PBXBuildFile section */
		6F1357C724C653AF00A63BB6 /* SceneIntro.swift in Sources */ = {isa = PBXBuildFile; fileRef = 6F1357C624C653AF00A63BB6 /* SceneIntro.swift */; };
		6F4B353124C3A59900F2497B /* multiplicationLevels.json in Resources */ = {isa = PBXBuildFile; fileRef = 6F4B352D24C3A59900F2497B /* multiplicationLevels.json */; };
		6F4B353324C3A59900F2497B /* subtractionLevels.json in Resources */ = {isa = PBXBuildFile; fileRef = 6F4B352F24C3A59900F2497B /* subtractionLevels.json */; };
		6F4B353424C3A59900F2497B /* divisionLevels.json in Resources */ = {isa = PBXBuildFile; fileRef = 6F4B353024C3A59900F2497B /* divisionLevels.json */; };
		6F549AA824BB66DB003B5A1D /* BetweenLevels.sks in Resources */ = {isa = PBXBuildFile; fileRef = 6F549AA724BB66DB003B5A1D /* BetweenLevels.sks */; };
		6F549AAA24BB671C003B5A1D /* BetweenLevels.swift in Sources */ = {isa = PBXBuildFile; fileRef = 6F549AA924BB671C003B5A1D /* BetweenLevels.swift */; };
		6F56BF7824D4CE4600CD0D62 /* Sparkle.sks in Resources */ = {isa = PBXBuildFile; fileRef = 6F56BF7724D4CE4600CD0D62 /* Sparkle.sks */; };
		6F608B7424D228B80084D128 /* PurpleFire.sks in Resources */ = {isa = PBXBuildFile; fileRef = 6F608B7224D228B80084D128 /* PurpleFire.sks */; };
		6F608B7524D228B80084D128 /* Assets.xcassets in Resources */ = {isa = PBXBuildFile; fileRef = 6F608B7324D228B80084D128 /* Assets.xcassets */; };
		6F608B7724D238320084D128 /* RedFire.sks in Resources */ = {isa = PBXBuildFile; fileRef = 6F608B7624D238320084D128 /* RedFire.sks */; };
		6F608B7924D242A20084D128 /* BlueFire.sks in Resources */ = {isa = PBXBuildFile; fileRef = 6F608B7824D242A20084D128 /* BlueFire.sks */; };
		6F608B7B24D244FD0084D128 /* YellowFire.sks in Resources */ = {isa = PBXBuildFile; fileRef = 6F608B7A24D244FD0084D128 /* YellowFire.sks */; };
		6F608B7D24D249AF0084D128 /* BoomFire.sks in Resources */ = {isa = PBXBuildFile; fileRef = 6F608B7C24D249AF0084D128 /* BoomFire.sks */; };
		6F70A5A424E8440B0087A8D9 /* MultiImageNode.swift in Sources */ = {isa = PBXBuildFile; fileRef = 6F70A5A324E8440B0087A8D9 /* MultiImageNode.swift */; };
		6F7CBDC224B90AB0001F8612 /* Level.swift in Sources */ = {isa = PBXBuildFile; fileRef = 6F7CBDC124B90AB0001F8612 /* Level.swift */; };
		6F7CBDC624BA0945001F8612 /* Bundle-Decoding.swift in Sources */ = {isa = PBXBuildFile; fileRef = 6F7CBDC524BA0945001F8612 /* Bundle-Decoding.swift */; };
		6F7CBDC824BA28F4001F8612 /* MathLevel.swift in Sources */ = {isa = PBXBuildFile; fileRef = 6F7CBDC724BA28F4001F8612 /* MathLevel.swift */; };
		6F80BC9724E8A3E8001B0975 /* QuestionInfo.swift in Sources */ = {isa = PBXBuildFile; fileRef = 6F80BC9624E8A3E8001B0975 /* QuestionInfo.swift */; };
		6F9E1A4D24C7CCA7001C96D0 /* SceneIntro.sks in Resources */ = {isa = PBXBuildFile; fileRef = 6F9E1A4C24C7CCA7001C96D0 /* SceneIntro.sks */; };
		6FA1F70924A7BB800095DF7E /* AppDelegate.swift in Sources */ = {isa = PBXBuildFile; fileRef = 6FA1F70824A7BB800095DF7E /* AppDelegate.swift */; };
		6FA1F70B24A7BB800095DF7E /* GameScene.sks in Resources */ = {isa = PBXBuildFile; fileRef = 6FA1F70A24A7BB800095DF7E /* GameScene.sks */; };
		6FA1F70F24A7BB800095DF7E /* GameScene.swift in Sources */ = {isa = PBXBuildFile; fileRef = 6FA1F70E24A7BB800095DF7E /* GameScene.swift */; };
		6FA1F71124A7BB800095DF7E /* GameViewController.swift in Sources */ = {isa = PBXBuildFile; fileRef = 6FA1F71024A7BB800095DF7E /* GameViewController.swift */; };
		6FA1F71424A7BB800095DF7E /* Main.storyboard in Resources */ = {isa = PBXBuildFile; fileRef = 6FA1F71224A7BB800095DF7E /* Main.storyboard */; };
		6FA1F71624A7BB800095DF7E /* Assets.xcassets in Resources */ = {isa = PBXBuildFile; fileRef = 6FA1F71524A7BB800095DF7E /* Assets.xcassets */; };
		6FA1F71924A7BB800095DF7E /* LaunchScreen.storyboard in Resources */ = {isa = PBXBuildFile; fileRef = 6FA1F71724A7BB800095DF7E /* LaunchScreen.storyboard */; };
		6FA1F72424A7BB810095DF7E /* mathColorTests.swift in Sources */ = {isa = PBXBuildFile; fileRef = 6FA1F72324A7BB810095DF7E /* mathColorTests.swift */; };
		6FA1F72F24A7BB810095DF7E /* mathColorUITests.swift in Sources */ = {isa = PBXBuildFile; fileRef = 6FA1F72E24A7BB810095DF7E /* mathColorUITests.swift */; };
		6FA2D60F24E8B49B00D7922A /* Fraction.swift in Sources */ = {isa = PBXBuildFile; fileRef = 6FA2D60E24E8B49B00D7922A /* Fraction.swift */; };
		6FD9F6A424E82214006A12C0 /* MathQuestionNode.swift in Sources */ = {isa = PBXBuildFile; fileRef = 6FD9F6A324E82214006A12C0 /* MathQuestionNode.swift */; };
		6FF1CFCC24C3716B0004034A /* IntroScene.swift in Sources */ = {isa = PBXBuildFile; fileRef = 6FF1CFCB24C3716B0004034A /* IntroScene.swift */; };
		6FF1CFD624C396780004034A /* IntroScene.sks in Resources */ = {isa = PBXBuildFile; fileRef = 6FF1CFD524C396780004034A /* IntroScene.sks */; };
		6FF2CE9824C4A89A000629F8 /* additionLevels.json in Resources */ = {isa = PBXBuildFile; fileRef = 6FF2CE9724C4A89A000629F8 /* additionLevels.json */; };
/* End PBXBuildFile section */

/* Begin PBXContainerItemProxy section */
		6FA1F72024A7BB810095DF7E /* PBXContainerItemProxy */ = {
			isa = PBXContainerItemProxy;
			containerPortal = 6FA1F6FD24A7BB7F0095DF7E /* Project object */;
			proxyType = 1;
			remoteGlobalIDString = 6FA1F70424A7BB7F0095DF7E;
			remoteInfo = mathColor;
		};
		6FA1F72B24A7BB810095DF7E /* PBXContainerItemProxy */ = {
			isa = PBXContainerItemProxy;
			containerPortal = 6FA1F6FD24A7BB7F0095DF7E /* Project object */;
			proxyType = 1;
			remoteGlobalIDString = 6FA1F70424A7BB7F0095DF7E;
			remoteInfo = mathColor;
		};
/* End PBXContainerItemProxy section */

/* Begin PBXFileReference section */
		6F1357C624C653AF00A63BB6 /* SceneIntro.swift */ = {isa = PBXFileReference; lastKnownFileType = sourcecode.swift; path = SceneIntro.swift; sourceTree = "<group>"; };
		6F4B352D24C3A59900F2497B /* multiplicationLevels.json */ = {isa = PBXFileReference; fileEncoding = 4; lastKnownFileType = text.json; path = multiplicationLevels.json; sourceTree = "<group>"; };
		6F4B352F24C3A59900F2497B /* subtractionLevels.json */ = {isa = PBXFileReference; fileEncoding = 4; lastKnownFileType = text.json; path = subtractionLevels.json; sourceTree = "<group>"; };
		6F4B353024C3A59900F2497B /* divisionLevels.json */ = {isa = PBXFileReference; fileEncoding = 4; lastKnownFileType = text.json; path = divisionLevels.json; sourceTree = "<group>"; };
		6F549AA724BB66DB003B5A1D /* BetweenLevels.sks */ = {isa = PBXFileReference; lastKnownFileType = file.sks; path = BetweenLevels.sks; sourceTree = "<group>"; };
		6F549AA924BB671C003B5A1D /* BetweenLevels.swift */ = {isa = PBXFileReference; lastKnownFileType = sourcecode.swift; path = BetweenLevels.swift; sourceTree = "<group>"; };
		6F56BF7724D4CE4600CD0D62 /* Sparkle.sks */ = {isa = PBXFileReference; lastKnownFileType = file.sks; path = Sparkle.sks; sourceTree = "<group>"; };
		6F608B7224D228B80084D128 /* PurpleFire.sks */ = {isa = PBXFileReference; lastKnownFileType = file.sks; path = PurpleFire.sks; sourceTree = "<group>"; };
		6F608B7324D228B80084D128 /* Assets.xcassets */ = {isa = PBXFileReference; lastKnownFileType = folder.assetcatalog; path = Assets.xcassets; sourceTree = "<group>"; };
		6F608B7624D238320084D128 /* RedFire.sks */ = {isa = PBXFileReference; lastKnownFileType = file.sks; path = RedFire.sks; sourceTree = "<group>"; };
		6F608B7824D242A20084D128 /* BlueFire.sks */ = {isa = PBXFileReference; lastKnownFileType = file.sks; path = BlueFire.sks; sourceTree = "<group>"; };
		6F608B7A24D244FD0084D128 /* YellowFire.sks */ = {isa = PBXFileReference; lastKnownFileType = file.sks; path = YellowFire.sks; sourceTree = "<group>"; };
		6F608B7C24D249AF0084D128 /* BoomFire.sks */ = {isa = PBXFileReference; lastKnownFileType = file.sks; path = BoomFire.sks; sourceTree = "<group>"; };
		6F70A5A324E8440B0087A8D9 /* MultiImageNode.swift */ = {isa = PBXFileReference; lastKnownFileType = sourcecode.swift; path = MultiImageNode.swift; sourceTree = "<group>"; };
		6F7CBDC124B90AB0001F8612 /* Level.swift */ = {isa = PBXFileReference; lastKnownFileType = sourcecode.swift; path = Level.swift; sourceTree = "<group>"; };
		6F7CBDC524BA0945001F8612 /* Bundle-Decoding.swift */ = {isa = PBXFileReference; lastKnownFileType = sourcecode.swift; path = "Bundle-Decoding.swift"; sourceTree = "<group>"; };
		6F7CBDC724BA28F4001F8612 /* MathLevel.swift */ = {isa = PBXFileReference; lastKnownFileType = sourcecode.swift; path = MathLevel.swift; sourceTree = "<group>"; };
		6F80BC9624E8A3E8001B0975 /* QuestionInfo.swift */ = {isa = PBXFileReference; lastKnownFileType = sourcecode.swift; path = QuestionInfo.swift; sourceTree = "<group>"; };
		6F9E1A4C24C7CCA7001C96D0 /* SceneIntro.sks */ = {isa = PBXFileReference; lastKnownFileType = file.sks; path = SceneIntro.sks; sourceTree = SOURCE_ROOT; };
		6FA1F70524A7BB800095DF7E /* wizardMath.app */ = {isa = PBXFileReference; explicitFileType = wrapper.application; includeInIndex = 0; path = wizardMath.app; sourceTree = BUILT_PRODUCTS_DIR; };
		6FA1F70824A7BB800095DF7E /* AppDelegate.swift */ = {isa = PBXFileReference; lastKnownFileType = sourcecode.swift; path = AppDelegate.swift; sourceTree = "<group>"; };
		6FA1F70A24A7BB800095DF7E /* GameScene.sks */ = {isa = PBXFileReference; lastKnownFileType = file.sks; path = GameScene.sks; sourceTree = "<group>"; };
		6FA1F70E24A7BB800095DF7E /* GameScene.swift */ = {isa = PBXFileReference; lastKnownFileType = sourcecode.swift; path = GameScene.swift; sourceTree = "<group>"; };
		6FA1F71024A7BB800095DF7E /* GameViewController.swift */ = {isa = PBXFileReference; lastKnownFileType = sourcecode.swift; path = GameViewController.swift; sourceTree = "<group>"; };
		6FA1F71324A7BB800095DF7E /* Base */ = {isa = PBXFileReference; lastKnownFileType = file.storyboard; name = Base; path = Base.lproj/Main.storyboard; sourceTree = "<group>"; };
		6FA1F71524A7BB800095DF7E /* Assets.xcassets */ = {isa = PBXFileReference; lastKnownFileType = folder.assetcatalog; path = Assets.xcassets; sourceTree = "<group>"; };
		6FA1F71824A7BB800095DF7E /* Base */ = {isa = PBXFileReference; lastKnownFileType = file.storyboard; name = Base; path = Base.lproj/LaunchScreen.storyboard; sourceTree = "<group>"; };
		6FA1F71A24A7BB800095DF7E /* Info.plist */ = {isa = PBXFileReference; lastKnownFileType = text.plist.xml; path = Info.plist; sourceTree = "<group>"; };
		6FA1F71F24A7BB810095DF7E /* wizardMathTests.xctest */ = {isa = PBXFileReference; explicitFileType = wrapper.cfbundle; includeInIndex = 0; path = wizardMathTests.xctest; sourceTree = BUILT_PRODUCTS_DIR; };
		6FA1F72324A7BB810095DF7E /* mathColorTests.swift */ = {isa = PBXFileReference; lastKnownFileType = sourcecode.swift; path = mathColorTests.swift; sourceTree = "<group>"; };
		6FA1F72524A7BB810095DF7E /* Info.plist */ = {isa = PBXFileReference; lastKnownFileType = text.plist.xml; path = Info.plist; sourceTree = "<group>"; };
		6FA1F72A24A7BB810095DF7E /* wizardMathUITests.xctest */ = {isa = PBXFileReference; explicitFileType = wrapper.cfbundle; includeInIndex = 0; path = wizardMathUITests.xctest; sourceTree = BUILT_PRODUCTS_DIR; };
		6FA1F72E24A7BB810095DF7E /* mathColorUITests.swift */ = {isa = PBXFileReference; lastKnownFileType = sourcecode.swift; path = mathColorUITests.swift; sourceTree = "<group>"; };
		6FA1F73024A7BB810095DF7E /* Info.plist */ = {isa = PBXFileReference; lastKnownFileType = text.plist.xml; path = Info.plist; sourceTree = "<group>"; };
		6FA2D60E24E8B49B00D7922A /* Fraction.swift */ = {isa = PBXFileReference; lastKnownFileType = sourcecode.swift; path = Fraction.swift; sourceTree = "<group>"; };
		6FD9F6A324E82214006A12C0 /* MathQuestionNode.swift */ = {isa = PBXFileReference; lastKnownFileType = sourcecode.swift; path = MathQuestionNode.swift; sourceTree = "<group>"; };
		6FF1CFCB24C3716B0004034A /* IntroScene.swift */ = {isa = PBXFileReference; lastKnownFileType = sourcecode.swift; path = IntroScene.swift; sourceTree = "<group>"; };
		6FF1CFD524C396780004034A /* IntroScene.sks */ = {isa = PBXFileReference; lastKnownFileType = file.sks; path = IntroScene.sks; sourceTree = "<group>"; };
		6FF2CE9724C4A89A000629F8 /* additionLevels.json */ = {isa = PBXFileReference; fileEncoding = 4; lastKnownFileType = text.json; path = additionLevels.json; sourceTree = "<group>"; };
/* End PBXFileReference section */

/* Begin PBXFrameworksBuildPhase section */
		6FA1F70224A7BB7F0095DF7E /* Frameworks */ = {
			isa = PBXFrameworksBuildPhase;
			buildActionMask = 2147483647;
			files = (
			);
			runOnlyForDeploymentPostprocessing = 0;
		};
		6FA1F71C24A7BB810095DF7E /* Frameworks */ = {
			isa = PBXFrameworksBuildPhase;
			buildActionMask = 2147483647;
			files = (
			);
			runOnlyForDeploymentPostprocessing = 0;
		};
		6FA1F72724A7BB810095DF7E /* Frameworks */ = {
			isa = PBXFrameworksBuildPhase;
			buildActionMask = 2147483647;
			files = (
			);
			runOnlyForDeploymentPostprocessing = 0;
		};
/* End PBXFrameworksBuildPhase section */

/* Begin PBXGroup section */
		6F0DDECE24C4FB53008AE940 /* json */ = {
			isa = PBXGroup;
			children = (
				6FF2CE9724C4A89A000629F8 /* additionLevels.json */,
				6F4B353024C3A59900F2497B /* divisionLevels.json */,
				6F4B352D24C3A59900F2497B /* multiplicationLevels.json */,
				6F4B352F24C3A59900F2497B /* subtractionLevels.json */,
			);
			path = json;
			sourceTree = "<group>";
		};
		6F0DDECF24C4FBC5008AE940 /* classes */ = {
			isa = PBXGroup;
			children = (
				6F7CBDC524BA0945001F8612 /* Bundle-Decoding.swift */,
				6F7CBDC724BA28F4001F8612 /* MathLevel.swift */,
				6F7CBDC124B90AB0001F8612 /* Level.swift */,
				6FD9F6A324E82214006A12C0 /* MathQuestionNode.swift */,
				6F70A5A324E8440B0087A8D9 /* MultiImageNode.swift */,
				6F80BC9624E8A3E8001B0975 /* QuestionInfo.swift */,
				6FA2D60E24E8B49B00D7922A /* Fraction.swift */,
			);
			path = classes;
			sourceTree = "<group>";
		};
		6F0DDED024C4FC58008AE940 /* scenes */ = {
			isa = PBXGroup;
			children = (
				6F9E1A4C24C7CCA7001C96D0 /* SceneIntro.sks */,
				6FF1CFCB24C3716B0004034A /* IntroScene.swift */,
				6FA1F70A24A7BB800095DF7E /* GameScene.sks */,
				6FA1F70E24A7BB800095DF7E /* GameScene.swift */,
				6FF1CFD524C396780004034A /* IntroScene.sks */,
				6F549AA724BB66DB003B5A1D /* BetweenLevels.sks */,
				6F549AA924BB671C003B5A1D /* BetweenLevels.swift */,
				6F1357C624C653AF00A63BB6 /* SceneIntro.swift */,
			);
			path = scenes;
			sourceTree = "<group>";
		};
		6FA1F6FC24A7BB7F0095DF7E = {
			isa = PBXGroup;
			children = (
				6F56BF7724D4CE4600CD0D62 /* Sparkle.sks */,
				6F608B7C24D249AF0084D128 /* BoomFire.sks */,
				6F608B7A24D244FD0084D128 /* YellowFire.sks */,
				6F608B7824D242A20084D128 /* BlueFire.sks */,
				6F608B7624D238320084D128 /* RedFire.sks */,
				6F608B7224D228B80084D128 /* PurpleFire.sks */,
				6F608B7324D228B80084D128 /* Assets.xcassets */,
				6FA1F70724A7BB800095DF7E /* wizardMath */,
				6FA1F72224A7BB810095DF7E /* wizardMathTests */,
				6FA1F72D24A7BB810095DF7E /* wizardMathUITests */,
				6FA1F70624A7BB800095DF7E /* Products */,
			);
			sourceTree = "<group>";
		};
		6FA1F70624A7BB800095DF7E /* Products */ = {
			isa = PBXGroup;
			children = (
				6FA1F70524A7BB800095DF7E /* wizardMath.app */,
				6FA1F71F24A7BB810095DF7E /* wizardMathTests.xctest */,
				6FA1F72A24A7BB810095DF7E /* wizardMathUITests.xctest */,
			);
			name = Products;
			sourceTree = "<group>";
		};
		6FA1F70724A7BB800095DF7E /* wizardMath */ = {
			isa = PBXGroup;
			children = (
				6FA1F70824A7BB800095DF7E /* AppDelegate.swift */,
				6FA1F71024A7BB800095DF7E /* GameViewController.swift */,
				6F0DDED024C4FC58008AE940 /* scenes */,
				6F0DDECF24C4FBC5008AE940 /* classes */,
				6F0DDECE24C4FB53008AE940 /* json */,
				6FA1F71224A7BB800095DF7E /* Main.storyboard */,
				6FA1F71524A7BB800095DF7E /* Assets.xcassets */,
				6FA1F71724A7BB800095DF7E /* LaunchScreen.storyboard */,
				6FA1F71A24A7BB800095DF7E /* Info.plist */,
			);
			path = wizardMath;
			sourceTree = "<group>";
		};
		6FA1F72224A7BB810095DF7E /* wizardMathTests */ = {
			isa = PBXGroup;
			children = (
				6FA1F72324A7BB810095DF7E /* mathColorTests.swift */,
				6FA1F72524A7BB810095DF7E /* Info.plist */,
			);
			path = wizardMathTests;
			sourceTree = "<group>";
		};
		6FA1F72D24A7BB810095DF7E /* wizardMathUITests */ = {
			isa = PBXGroup;
			children = (
				6FA1F72E24A7BB810095DF7E /* mathColorUITests.swift */,
				6FA1F73024A7BB810095DF7E /* Info.plist */,
			);
			path = wizardMathUITests;
			sourceTree = "<group>";
		};
/* End PBXGroup section */

/* Begin PBXNativeTarget section */
		6FA1F70424A7BB7F0095DF7E /* wizardMath */ = {
			isa = PBXNativeTarget;
			buildConfigurationList = 6FA1F73324A7BB810095DF7E /* Build configuration list for PBXNativeTarget "wizardMath" */;
			buildPhases = (
				6FA1F70124A7BB7F0095DF7E /* Sources */,
				6FA1F70224A7BB7F0095DF7E /* Frameworks */,
				6FA1F70324A7BB7F0095DF7E /* Resources */,
			);
			buildRules = (
			);
			dependencies = (
			);
			name = wizardMath;
			productName = mathColor;
			productReference = 6FA1F70524A7BB800095DF7E /* wizardMath.app */;
			productType = "com.apple.product-type.application";
		};
		6FA1F71E24A7BB810095DF7E /* wizardMathTests */ = {
			isa = PBXNativeTarget;
			buildConfigurationList = 6FA1F73624A7BB810095DF7E /* Build configuration list for PBXNativeTarget "wizardMathTests" */;
			buildPhases = (
				6FA1F71B24A7BB810095DF7E /* Sources */,
				6FA1F71C24A7BB810095DF7E /* Frameworks */,
				6FA1F71D24A7BB810095DF7E /* Resources */,
			);
			buildRules = (
			);
			dependencies = (
				6FA1F72124A7BB810095DF7E /* PBXTargetDependency */,
			);
			name = wizardMathTests;
			productName = mathColorTests;
			productReference = 6FA1F71F24A7BB810095DF7E /* wizardMathTests.xctest */;
			productType = "com.apple.product-type.bundle.unit-test";
		};
		6FA1F72924A7BB810095DF7E /* wizardMathUITests */ = {
			isa = PBXNativeTarget;
			buildConfigurationList = 6FA1F73924A7BB810095DF7E /* Build configuration list for PBXNativeTarget "wizardMathUITests" */;
			buildPhases = (
				6FA1F72624A7BB810095DF7E /* Sources */,
				6FA1F72724A7BB810095DF7E /* Frameworks */,
				6FA1F72824A7BB810095DF7E /* Resources */,
			);
			buildRules = (
			);
			dependencies = (
				6FA1F72C24A7BB810095DF7E /* PBXTargetDependency */,
			);
			name = wizardMathUITests;
			productName = mathColorUITests;
			productReference = 6FA1F72A24A7BB810095DF7E /* wizardMathUITests.xctest */;
			productType = "com.apple.product-type.bundle.ui-testing";
		};
/* End PBXNativeTarget section */

/* Begin PBXProject section */
		6FA1F6FD24A7BB7F0095DF7E /* Project object */ = {
			isa = PBXProject;
			attributes = {
				LastSwiftUpdateCheck = 1150;
				LastUpgradeCheck = 1150;
				ORGANIZATIONNAME = "James Wallace";
				TargetAttributes = {
					6FA1F70424A7BB7F0095DF7E = {
						CreatedOnToolsVersion = 11.5;
					};
					6FA1F71E24A7BB810095DF7E = {
						CreatedOnToolsVersion = 11.5;
						TestTargetID = 6FA1F70424A7BB7F0095DF7E;
					};
					6FA1F72924A7BB810095DF7E = {
						CreatedOnToolsVersion = 11.5;
						TestTargetID = 6FA1F70424A7BB7F0095DF7E;
					};
				};
			};
			buildConfigurationList = 6FA1F70024A7BB7F0095DF7E /* Build configuration list for PBXProject "wizardMath" */;
			compatibilityVersion = "Xcode 9.3";
			developmentRegion = en;
			hasScannedForEncodings = 0;
			knownRegions = (
				en,
				Base,
			);
			mainGroup = 6FA1F6FC24A7BB7F0095DF7E;
			productRefGroup = 6FA1F70624A7BB800095DF7E /* Products */;
			projectDirPath = "";
			projectRoot = "";
			targets = (
				6FA1F70424A7BB7F0095DF7E /* wizardMath */,
				6FA1F71E24A7BB810095DF7E /* wizardMathTests */,
				6FA1F72924A7BB810095DF7E /* wizardMathUITests */,
			);
		};
/* End PBXProject section */

/* Begin PBXResourcesBuildPhase section */
		6FA1F70324A7BB7F0095DF7E /* Resources */ = {
			isa = PBXResourcesBuildPhase;
			buildActionMask = 2147483647;
			files = (
				6F56BF7824D4CE4600CD0D62 /* Sparkle.sks in Resources */,
				6FA1F71424A7BB800095DF7E /* Main.storyboard in Resources */,
				6FA1F70B24A7BB800095DF7E /* GameScene.sks in Resources */,
				6F4B353324C3A59900F2497B /* subtractionLevels.json in Resources */,
				6F9E1A4D24C7CCA7001C96D0 /* SceneIntro.sks in Resources */,
				6F4B353424C3A59900F2497B /* divisionLevels.json in Resources */,
				6F608B7724D238320084D128 /* RedFire.sks in Resources */,
				6F608B7D24D249AF0084D128 /* BoomFire.sks in Resources */,
				6FA1F71624A7BB800095DF7E /* Assets.xcassets in Resources */,
				6F608B7524D228B80084D128 /* Assets.xcassets in Resources */,
				6F549AA824BB66DB003B5A1D /* BetweenLevels.sks in Resources */,
				6F608B7424D228B80084D128 /* PurpleFire.sks in Resources */,
				6F4B353124C3A59900F2497B /* multiplicationLevels.json in Resources */,
				6FA1F71924A7BB800095DF7E /* LaunchScreen.storyboard in Resources */,
				6FF2CE9824C4A89A000629F8 /* additionLevels.json in Resources */,
				6F608B7924D242A20084D128 /* BlueFire.sks in Resources */,
				6FF1CFD624C396780004034A /* IntroScene.sks in Resources */,
				6F608B7B24D244FD0084D128 /* YellowFire.sks in Resources */,
			);
			runOnlyForDeploymentPostprocessing = 0;
		};
		6FA1F71D24A7BB810095DF7E /* Resources */ = {
			isa = PBXResourcesBuildPhase;
			buildActionMask = 2147483647;
			files = (
			);
			runOnlyForDeploymentPostprocessing = 0;
		};
		6FA1F72824A7BB810095DF7E /* Resources */ = {
			isa = PBXResourcesBuildPhase;
			buildActionMask = 2147483647;
			files = (
			);
			runOnlyForDeploymentPostprocessing = 0;
		};
/* End PBXResourcesBuildPhase section */

/* Begin PBXSourcesBuildPhase section */
		6FA1F70124A7BB7F0095DF7E /* Sources */ = {
			isa = PBXSourcesBuildPhase;
			buildActionMask = 2147483647;
			files = (
				6FA1F70F24A7BB800095DF7E /* GameScene.swift in Sources */,
				6FD9F6A424E82214006A12C0 /* MathQuestionNode.swift in Sources */,
				6F80BC9724E8A3E8001B0975 /* QuestionInfo.swift in Sources */,
				6FA1F71124A7BB800095DF7E /* GameViewController.swift in Sources */,
				6FA1F70924A7BB800095DF7E /* AppDelegate.swift in Sources */,
				6FA2D60F24E8B49B00D7922A /* Fraction.swift in Sources */,
				6F7CBDC824BA28F4001F8612 /* MathLevel.swift in Sources */,
				6F549AAA24BB671C003B5A1D /* BetweenLevels.swift in Sources */,
				6F7CBDC624BA0945001F8612 /* Bundle-Decoding.swift in Sources */,
				6F1357C724C653AF00A63BB6 /* SceneIntro.swift in Sources */,
				6FF1CFCC24C3716B0004034A /* IntroScene.swift in Sources */,
				6F7CBDC224B90AB0001F8612 /* Level.swift in Sources */,
				6F70A5A424E8440B0087A8D9 /* MultiImageNode.swift in Sources */,
			);
			runOnlyForDeploymentPostprocessing = 0;
		};
		6FA1F71B24A7BB810095DF7E /* Sources */ = {
			isa = PBXSourcesBuildPhase;
			buildActionMask = 2147483647;
			files = (
				6FA1F72424A7BB810095DF7E /* mathColorTests.swift in Sources */,
			);
			runOnlyForDeploymentPostprocessing = 0;
		};
		6FA1F72624A7BB810095DF7E /* Sources */ = {
			isa = PBXSourcesBuildPhase;
			buildActionMask = 2147483647;
			files = (
				6FA1F72F24A7BB810095DF7E /* mathColorUITests.swift in Sources */,
			);
			runOnlyForDeploymentPostprocessing = 0;
		};
/* End PBXSourcesBuildPhase section */

/* Begin PBXTargetDependency section */
		6FA1F72124A7BB810095DF7E /* PBXTargetDependency */ = {
			isa = PBXTargetDependency;
			target = 6FA1F70424A7BB7F0095DF7E /* wizardMath */;
			targetProxy = 6FA1F72024A7BB810095DF7E /* PBXContainerItemProxy */;
		};
		6FA1F72C24A7BB810095DF7E /* PBXTargetDependency */ = {
			isa = PBXTargetDependency;
			target = 6FA1F70424A7BB7F0095DF7E /* wizardMath */;
			targetProxy = 6FA1F72B24A7BB810095DF7E /* PBXContainerItemProxy */;
		};
/* End PBXTargetDependency section */

/* Begin PBXVariantGroup section */
		6FA1F71224A7BB800095DF7E /* Main.storyboard */ = {
			isa = PBXVariantGroup;
			children = (
				6FA1F71324A7BB800095DF7E /* Base */,
			);
			name = Main.storyboard;
			sourceTree = "<group>";
		};
		6FA1F71724A7BB800095DF7E /* LaunchScreen.storyboard */ = {
			isa = PBXVariantGroup;
			children = (
				6FA1F71824A7BB800095DF7E /* Base */,
			);
			name = LaunchScreen.storyboard;
			sourceTree = "<group>";
		};
/* End PBXVariantGroup section */

/* Begin XCBuildConfiguration section */
		6FA1F73124A7BB810095DF7E /* Debug */ = {
			isa = XCBuildConfiguration;
			buildSettings = {
				ALWAYS_SEARCH_USER_PATHS = NO;
				CLANG_ANALYZER_NONNULL = YES;
				CLANG_ANALYZER_NUMBER_OBJECT_CONVERSION = YES_AGGRESSIVE;
				CLANG_CXX_LANGUAGE_STANDARD = "gnu++14";
				CLANG_CXX_LIBRARY = "libc++";
				CLANG_ENABLE_MODULES = YES;
				CLANG_ENABLE_OBJC_ARC = YES;
				CLANG_ENABLE_OBJC_WEAK = YES;
				CLANG_WARN_BLOCK_CAPTURE_AUTORELEASING = YES;
				CLANG_WARN_BOOL_CONVERSION = YES;
				CLANG_WARN_COMMA = YES;
				CLANG_WARN_CONSTANT_CONVERSION = YES;
				CLANG_WARN_DEPRECATED_OBJC_IMPLEMENTATIONS = YES;
				CLANG_WARN_DIRECT_OBJC_ISA_USAGE = YES_ERROR;
				CLANG_WARN_DOCUMENTATION_COMMENTS = YES;
				CLANG_WARN_EMPTY_BODY = YES;
				CLANG_WARN_ENUM_CONVERSION = YES;
				CLANG_WARN_INFINITE_RECURSION = YES;
				CLANG_WARN_INT_CONVERSION = YES;
				CLANG_WARN_NON_LITERAL_NULL_CONVERSION = YES;
				CLANG_WARN_OBJC_IMPLICIT_RETAIN_SELF = YES;
				CLANG_WARN_OBJC_LITERAL_CONVERSION = YES;
				CLANG_WARN_OBJC_ROOT_CLASS = YES_ERROR;
				CLANG_WARN_RANGE_LOOP_ANALYSIS = YES;
				CLANG_WARN_STRICT_PROTOTYPES = YES;
				CLANG_WARN_SUSPICIOUS_MOVE = YES;
				CLANG_WARN_UNGUARDED_AVAILABILITY = YES_AGGRESSIVE;
				CLANG_WARN_UNREACHABLE_CODE = YES;
				CLANG_WARN__DUPLICATE_METHOD_MATCH = YES;
				COPY_PHASE_STRIP = NO;
				DEBUG_INFORMATION_FORMAT = dwarf;
				ENABLE_STRICT_OBJC_MSGSEND = YES;
				ENABLE_TESTABILITY = YES;
				GCC_C_LANGUAGE_STANDARD = gnu11;
				GCC_DYNAMIC_NO_PIC = NO;
				GCC_NO_COMMON_BLOCKS = YES;
				GCC_OPTIMIZATION_LEVEL = 0;
				GCC_PREPROCESSOR_DEFINITIONS = (
					"DEBUG=1",
					"$(inherited)",
				);
				GCC_WARN_64_TO_32_BIT_CONVERSION = YES;
				GCC_WARN_ABOUT_RETURN_TYPE = YES_ERROR;
				GCC_WARN_UNDECLARED_SELECTOR = YES;
				GCC_WARN_UNINITIALIZED_AUTOS = YES_AGGRESSIVE;
				GCC_WARN_UNUSED_FUNCTION = YES;
				GCC_WARN_UNUSED_VARIABLE = YES;
				INFOPLIST_FILE = "";
				IPHONEOS_DEPLOYMENT_TARGET = 13.5;
				MTL_ENABLE_DEBUG_INFO = INCLUDE_SOURCE;
				MTL_FAST_MATH = YES;
				ONLY_ACTIVE_ARCH = YES;
				SDKROOT = iphoneos;
				SWIFT_ACTIVE_COMPILATION_CONDITIONS = DEBUG;
				SWIFT_OPTIMIZATION_LEVEL = "-Onone";
			};
			name = Debug;
		};
		6FA1F73224A7BB810095DF7E /* Release */ = {
			isa = XCBuildConfiguration;
			buildSettings = {
				ALWAYS_SEARCH_USER_PATHS = NO;
				CLANG_ANALYZER_NONNULL = YES;
				CLANG_ANALYZER_NUMBER_OBJECT_CONVERSION = YES_AGGRESSIVE;
				CLANG_CXX_LANGUAGE_STANDARD = "gnu++14";
				CLANG_CXX_LIBRARY = "libc++";
				CLANG_ENABLE_MODULES = YES;
				CLANG_ENABLE_OBJC_ARC = YES;
				CLANG_ENABLE_OBJC_WEAK = YES;
				CLANG_WARN_BLOCK_CAPTURE_AUTORELEASING = YES;
				CLANG_WARN_BOOL_CONVERSION = YES;
				CLANG_WARN_COMMA = YES;
				CLANG_WARN_CONSTANT_CONVERSION = YES;
				CLANG_WARN_DEPRECATED_OBJC_IMPLEMENTATIONS = YES;
				CLANG_WARN_DIRECT_OBJC_ISA_USAGE = YES_ERROR;
				CLANG_WARN_DOCUMENTATION_COMMENTS = YES;
				CLANG_WARN_EMPTY_BODY = YES;
				CLANG_WARN_ENUM_CONVERSION = YES;
				CLANG_WARN_INFINITE_RECURSION = YES;
				CLANG_WARN_INT_CONVERSION = YES;
				CLANG_WARN_NON_LITERAL_NULL_CONVERSION = YES;
				CLANG_WARN_OBJC_IMPLICIT_RETAIN_SELF = YES;
				CLANG_WARN_OBJC_LITERAL_CONVERSION = YES;
				CLANG_WARN_OBJC_ROOT_CLASS = YES_ERROR;
				CLANG_WARN_RANGE_LOOP_ANALYSIS = YES;
				CLANG_WARN_STRICT_PROTOTYPES = YES;
				CLANG_WARN_SUSPICIOUS_MOVE = YES;
				CLANG_WARN_UNGUARDED_AVAILABILITY = YES_AGGRESSIVE;
				CLANG_WARN_UNREACHABLE_CODE = YES;
				CLANG_WARN__DUPLICATE_METHOD_MATCH = YES;
				COPY_PHASE_STRIP = NO;
				DEBUG_INFORMATION_FORMAT = "dwarf-with-dsym";
				ENABLE_NS_ASSERTIONS = NO;
				ENABLE_STRICT_OBJC_MSGSEND = YES;
				GCC_C_LANGUAGE_STANDARD = gnu11;
				GCC_NO_COMMON_BLOCKS = YES;
				GCC_WARN_64_TO_32_BIT_CONVERSION = YES;
				GCC_WARN_ABOUT_RETURN_TYPE = YES_ERROR;
				GCC_WARN_UNDECLARED_SELECTOR = YES;
				GCC_WARN_UNINITIALIZED_AUTOS = YES_AGGRESSIVE;
				GCC_WARN_UNUSED_FUNCTION = YES;
				GCC_WARN_UNUSED_VARIABLE = YES;
				INFOPLIST_FILE = "";
				IPHONEOS_DEPLOYMENT_TARGET = 13.5;
				MTL_ENABLE_DEBUG_INFO = NO;
				MTL_FAST_MATH = YES;
				SDKROOT = iphoneos;
				SWIFT_COMPILATION_MODE = wholemodule;
				SWIFT_OPTIMIZATION_LEVEL = "-O";
				VALIDATE_PRODUCT = YES;
			};
			name = Release;
		};
		6FA1F73424A7BB810095DF7E /* Debug */ = {
			isa = XCBuildConfiguration;
			buildSettings = {
				ASSETCATALOG_COMPILER_APPICON_NAME = AppIcon;
				CODE_SIGN_IDENTITY = "Apple Development";
				CODE_SIGN_STYLE = Automatic;
				DEVELOPMENT_TEAM = R7WWM486V8;
				INFOPLIST_FILE = wizardMath/Info.plist;
				LD_RUNPATH_SEARCH_PATHS = (
					"$(inherited)",
					"@executable_path/Frameworks",
				);
				PRODUCT_BUNDLE_IDENTIFIER = com.doxiemedia.wizardMath;
				PRODUCT_NAME = "$(TARGET_NAME)";
				PROVISIONING_PROFILE_SPECIFIER = "";
				SWIFT_VERSION = 5.0;
				TARGETED_DEVICE_FAMILY = "1,2";
			};
			name = Debug;
		};
		6FA1F73524A7BB810095DF7E /* Release */ = {
			isa = XCBuildConfiguration;
			buildSettings = {
				ASSETCATALOG_COMPILER_APPICON_NAME = AppIcon;
				CODE_SIGN_IDENTITY = "Apple Development";
				CODE_SIGN_STYLE = Automatic;
				DEVELOPMENT_TEAM = R7WWM486V8;
				INFOPLIST_FILE = wizardMath/Info.plist;
				LD_RUNPATH_SEARCH_PATHS = (
					"$(inherited)",
					"@executable_path/Frameworks",
				);
				PRODUCT_BUNDLE_IDENTIFIER = com.doxiemedia.wizardMath;
				PRODUCT_NAME = "$(TARGET_NAME)";
				PROVISIONING_PROFILE_SPECIFIER = "";
				SWIFT_VERSION = 5.0;
				TARGETED_DEVICE_FAMILY = "1,2";
			};
			name = Release;
		};
		6FA1F73724A7BB810095DF7E /* Debug */ = {
			isa = XCBuildConfiguration;
			buildSettings = {
				ALWAYS_EMBED_SWIFT_STANDARD_LIBRARIES = YES;
				BUNDLE_LOADER = "$(TEST_HOST)";
				CODE_SIGN_STYLE = Automatic;
				DEVELOPMENT_TEAM = 7MD467F482;
				INFOPLIST_FILE = mathColorTests/Info.plist;
				IPHONEOS_DEPLOYMENT_TARGET = 13.5;
				LD_RUNPATH_SEARCH_PATHS = (
					"$(inherited)",
					"@executable_path/Frameworks",
					"@loader_path/Frameworks",
				);
				PRODUCT_BUNDLE_IDENTIFIER = WallaceFamily.mathColorTests;
				PRODUCT_NAME = "$(TARGET_NAME)";
				SWIFT_VERSION = 5.0;
				TARGETED_DEVICE_FAMILY = "1,2";
				TEST_HOST = "$(BUILT_PRODUCTS_DIR)/wizardMath.app/wizardMath";
			};
			name = Debug;
		};
		6FA1F73824A7BB810095DF7E /* Release */ = {
			isa = XCBuildConfiguration;
			buildSettings = {
				ALWAYS_EMBED_SWIFT_STANDARD_LIBRARIES = YES;
				BUNDLE_LOADER = "$(TEST_HOST)";
				CODE_SIGN_STYLE = Automatic;
				DEVELOPMENT_TEAM = 7MD467F482;
				INFOPLIST_FILE = mathColorTests/Info.plist;
				IPHONEOS_DEPLOYMENT_TARGET = 13.5;
				LD_RUNPATH_SEARCH_PATHS = (
					"$(inherited)",
					"@executable_path/Frameworks",
					"@loader_path/Frameworks",
				);
				PRODUCT_BUNDLE_IDENTIFIER = WallaceFamily.mathColorTests;
				PRODUCT_NAME = "$(TARGET_NAME)";
				SWIFT_VERSION = 5.0;
				TARGETED_DEVICE_FAMILY = "1,2";
				TEST_HOST = "$(BUILT_PRODUCTS_DIR)/wizardMath.app/wizardMath";
			};
			name = Release;
		};
		6FA1F73A24A7BB810095DF7E /* Debug */ = {
			isa = XCBuildConfiguration;
			buildSettings = {
				ALWAYS_EMBED_SWIFT_STANDARD_LIBRARIES = YES;
				CODE_SIGN_STYLE = Automatic;
				DEVELOPMENT_TEAM = 7MD467F482;
				INFOPLIST_FILE = mathColorUITests/Info.plist;
				LD_RUNPATH_SEARCH_PATHS = (
					"$(inherited)",
					"@executable_path/Frameworks",
					"@loader_path/Frameworks",
				);
				PRODUCT_BUNDLE_IDENTIFIER = WallaceFamily.mathColorUITests;
				PRODUCT_NAME = "$(TARGET_NAME)";
				SWIFT_VERSION = 5.0;
				TARGETED_DEVICE_FAMILY = "1,2";
				TEST_TARGET_NAME = mathColor;
			};
			name = Debug;
		};
		6FA1F73B24A7BB810095DF7E /* Release */ = {
			isa = XCBuildConfiguration;
			buildSettings = {
				ALWAYS_EMBED_SWIFT_STANDARD_LIBRARIES = YES;
				CODE_SIGN_STYLE = Automatic;
				DEVELOPMENT_TEAM = 7MD467F482;
				INFOPLIST_FILE = mathColorUITests/Info.plist;
				LD_RUNPATH_SEARCH_PATHS = (
					"$(inherited)",
					"@executable_path/Frameworks",
					"@loader_path/Frameworks",
				);
				PRODUCT_BUNDLE_IDENTIFIER = WallaceFamily.mathColorUITests;
				PRODUCT_NAME = "$(TARGET_NAME)";
				SWIFT_VERSION = 5.0;
				TARGETED_DEVICE_FAMILY = "1,2";
				TEST_TARGET_NAME = mathColor;
			};
			name = Release;
		};
/* End XCBuildConfiguration section */

/* Begin XCConfigurationList section */
		6FA1F70024A7BB7F0095DF7E /* Build configuration list for PBXProject "wizardMath" */ = {
			isa = XCConfigurationList;
			buildConfigurations = (
				6FA1F73124A7BB810095DF7E /* Debug */,
				6FA1F73224A7BB810095DF7E /* Release */,
			);
			defaultConfigurationIsVisible = 0;
			defaultConfigurationName = Release;
		};
		6FA1F73324A7BB810095DF7E /* Build configuration list for PBXNativeTarget "wizardMath" */ = {
			isa = XCConfigurationList;
			buildConfigurations = (
				6FA1F73424A7BB810095DF7E /* Debug */,
				6FA1F73524A7BB810095DF7E /* Release */,
			);
			defaultConfigurationIsVisible = 0;
			defaultConfigurationName = Release;
		};
		6FA1F73624A7BB810095DF7E /* Build configuration list for PBXNativeTarget "wizardMathTests" */ = {
			isa = XCConfigurationList;
			buildConfigurations = (
				6FA1F73724A7BB810095DF7E /* Debug */,
				6FA1F73824A7BB810095DF7E /* Release */,
			);
			defaultConfigurationIsVisible = 0;
			defaultConfigurationName = Release;
		};
		6FA1F73924A7BB810095DF7E /* Build configuration list for PBXNativeTarget "wizardMathUITests" */ = {
			isa = XCConfigurationList;
			buildConfigurations = (
				6FA1F73A24A7BB810095DF7E /* Debug */,
				6FA1F73B24A7BB810095DF7E /* Release */,
			);
			defaultConfigurationIsVisible = 0;
			defaultConfigurationName = Release;
		};
/* End XCConfigurationList section */
	};
	rootObject = 6FA1F6FD24A7BB7F0095DF7E /* Project object */;
}
